{
  "name": "made",
  "version": "1.0.0",
  "lockfileVersion": 2,
  "requires": true,
  "packages": {
    "": {
      "name": "made",
      "version": "1.0.0",
      "license": "ISC"
    },
    "packages/made-css": {
      "name": "@mastercard/made-css",
      "version": "1.2.1",
      "extraneous": true,
      "license": "ISC",
      "devDependencies": {
        "autoprefixer": "^9.8.6",
        "css-mqpacker": "^7.0.0",
        "gulp": "^4.0.2",
        "gulp-autoprefixer": "^8.0.0",
        "gulp-clean-css": "^4.3.0",
        "gulp-cli": "^2.3.0",
        "gulp-concat": "^2.6.1",
        "gulp-minify-css": "^1.2.4",
        "gulp-postcss": "^9.0.0",
        "gulp-rename": "^2.0.0",
        "postcss": "^8.3.6",
        "postcss-css-variables": "0.18.0",
        "postcss-import": "^14.0.2",
        "standard-version": "^9.3.2",
        "stylelint": "^13.13.1",
        "stylelint-config-standard": "^22.0.0",
        "stylelint-order": "^5.0.0",
        "stylelint-selector-bem-pattern": "^2.1.1"
      }
    },
    "packages/made-design-tokens": {
      "name": "@mastercard/made-design-tokens",
      "version": "2.1.1",
      "extraneous": true,
      "license": "Apache-2.0",
      "devDependencies": {
        "fs-extra": "^9.1.0",
        "glob": "^7.1.6",
        "lodash": "^4.17.11",
        "standard-version": "^9.5.0",
        "style-dictionary": "^3.0.0-rc.8",
        "tinycolor2": "^1.4.2"
      }
    }
  }
}
